# This file is automatically @generated by Cargo.
# It is not intended for manual editing.
version = 3

[[package]]
name = "base64"
version = "0.13.0"
source = "registry+https://github.com/rust-lang/crates.io-index"
checksum = "904dfeac50f3cdaba28fc6f57fdcddb75f49ed61346676a78c4ffe55877802fd"

[[package]]
name = "base64-url"
version = "1.4.10"
source = "registry+https://github.com/rust-lang/crates.io-index"
checksum = "44265cf903f576fcaa1c2f23b32ec2dadaa8ec9d6b7c6212704d72a417bfbeef"
dependencies = [
 "base64",
]

[[package]]
name = "byteorder"
version = "1.4.3"
source = "registry+https://github.com/rust-lang/crates.io-index"
checksum = "14c189c53d098945499cdfa7ecc63567cf3886b3332b312a5b4585d8d3a6a610"

[[package]]
name = "cardano-message-signing"
version = "1.0.1"
dependencies = [
 "base64-url",
 "byteorder",
 "cbor_event",
 "cryptoxide",
 "hex",
 "linked-hash-map",
 "pruefung",
]

[[package]]
name = "cbor_event"
version = "2.1.3"
source = "registry+https://github.com/rust-lang/crates.io-index"
checksum = "2b6cda8a789815488ee290d106bc97dba47785dae73d63576fc42c126912a451"

[[package]]
name = "cryptoxide"
version = "0.3.6"
source = "registry+https://github.com/rust-lang/crates.io-index"
checksum = "42014d4c82e74bc17aaccc4bd75d3615d2b8236198de81c51bed5ddefaae6435"

[[package]]
name = "digest"
version = "0.6.1"
source = "registry+https://github.com/rust-lang/crates.io-index"
checksum = "ecae1c064e29fcabb6c2e9939e53dc7da72ed90234ae36ebfe03a478742efbd1"
dependencies = [
 "generic-array",
]

[[package]]
name = "generic-array"
version = "0.8.4"
source = "registry+https://github.com/rust-lang/crates.io-index"
checksum = "b2297fb0e3ea512e380da24b52dca3924028f59df5e3a17a18f81d8349ca7ebe"
dependencies = [
 "nodrop",
 "typenum",
]

[[package]]
name = "hex"
version = "0.4.3"
source = "registry+https://github.com/rust-lang/crates.io-index"
checksum = "7f24254aa9a54b5c858eaee2f5bccdb46aaf0e486a595ed5fd8f86ba55232a70"

[[package]]
name = "linked-hash-map"
version = "0.5.4"
source = "registry+https://github.com/rust-lang/crates.io-index"
checksum = "7fb9b38af92608140b86b693604b9ffcc5824240a484d1ecd4795bacb2fe88f3"

[[package]]
name = "nodrop"
version = "0.1.14"
source = "registry+https://github.com/rust-lang/crates.io-index"
checksum = "72ef4a56884ca558e5ddb05a1d1e7e1bfd9a68d9ed024c21704cc98872dae1bb"

[[package]]
name = "pruefung"
version = "0.2.1"
source = "registry+https://github.com/rust-lang/crates.io-index"
checksum = "734d1fcf58d4e4aa4118926d4d44b1ea8921e4064c30a0415ae273552ebdd784"
dependencies = [
 "digest",
 "generic-array",
]

[[package]]
name = "typenum"
version = "1.15.0"
source = "registry+https://github.com/rust-lang/crates.io-index"
checksum = "dcf81ac59edc17cc8697ff311e8f5ef2d99fcbd9817b34cec66f90b6c3dfd987"
